// !$*UTF8*$!
{
	archiveVersion = 1;
	classes = {
	};
	objectVersion = 56;
	objects = {

/* Begin PBXBuildFile section */
		5C0A5B6C2AE692E300678D00 /* Helper.swift in Sources */ = {isa = PBXBuildFile; fileRef = 5C0A5B6B2AE692E300678D00 /* Helper.swift */; };
		5C0A5B6E2AE6949400678D00 /* ModelData.swift in Sources */ = {isa = PBXBuildFile; fileRef = 5C0A5B6D2AE6949400678D00 /* ModelData.swift */; };
		5C0A5B712AE6961C00678D00 /* WeatherView.swift in Sources */ = {isa = PBXBuildFile; fileRef = 5C0A5B702AE6961C00678D00 /* WeatherView.swift */; };
		5C0A5B742AE6969600678D00 /* WeatherPreviewData.json in Resources */ = {isa = PBXBuildFile; fileRef = 5C0A5B732AE6969600678D00 /* WeatherPreviewData.json */; };
		5C0A5B762AE69F8C00678D00 /* ChangeLocationView.swift in Sources */ = {isa = PBXBuildFile; fileRef = 5C0A5B752AE69F8C00678D00 /* ChangeLocationView.swift */; };
		5C0A5B792AE6D7BA00678D00 /* .swiftlint.yml in Resources */ = {isa = PBXBuildFile; fileRef = 5C0A5B782AE6D7BA00678D00 /* .swiftlint.yml */; };
		5C8DF06E2AE446AC00585B29 /* WeatherAppSwiftUIApp.swift in Sources */ = {isa = PBXBuildFile; fileRef = 5C8DF06D2AE446AC00585B29 /* WeatherAppSwiftUIApp.swift */; };
		5C8DF0702AE446AC00585B29 /* ContentView.swift in Sources */ = {isa = PBXBuildFile; fileRef = 5C8DF06F2AE446AC00585B29 /* ContentView.swift */; };
		5C8DF0722AE446B300585B29 /* Assets.xcassets in Resources */ = {isa = PBXBuildFile; fileRef = 5C8DF0712AE446B300585B29 /* Assets.xcassets */; };
		5C8DF0752AE446B300585B29 /* Preview Assets.xcassets in Resources */ = {isa = PBXBuildFile; fileRef = 5C8DF0742AE446B300585B29 /* Preview Assets.xcassets */; };
		5C8DF07C2AE4471A00585B29 /* LocationManager.swift in Sources */ = {isa = PBXBuildFile; fileRef = 5C8DF07B2AE4471A00585B29 /* LocationManager.swift */; };
		5C8DF07F2AE44C8B00585B29 /* CustomView.swift in Sources */ = {isa = PBXBuildFile; fileRef = 5C8DF07E2AE44C8B00585B29 /* CustomView.swift */; };
		5C8DF0812AE5A34600585B29 /* LoadingView.swift in Sources */ = {isa = PBXBuildFile; fileRef = 5C8DF0802AE5A34600585B29 /* LoadingView.swift */; };
		5C8F9F0D2AE5B3C400BD46CC /* HomeScreenView.swift in Sources */ = {isa = PBXBuildFile; fileRef = 5C8F9F0C2AE5B3C300BD46CC /* HomeScreenView.swift */; };
		5C8F9F0F2AE5B49800BD46CC /* WeatherDataManager.swift in Sources */ = {isa = PBXBuildFile; fileRef = 5C8F9F0E2AE5B49800BD46CC /* WeatherDataManager.swift */; };
/* End PBXBuildFile section */

/* Begin PBXFileReference section */
		5C0A5B6B2AE692E300678D00 /* Helper.swift */ = {isa = PBXFileReference; lastKnownFileType = sourcecode.swift; path = Helper.swift; sourceTree = "<group>"; };
		5C0A5B6D2AE6949400678D00 /* ModelData.swift */ = {isa = PBXFileReference; lastKnownFileType = sourcecode.swift; path = ModelData.swift; sourceTree = "<group>"; };
		5C0A5B702AE6961C00678D00 /* WeatherView.swift */ = {isa = PBXFileReference; lastKnownFileType = sourcecode.swift; path = WeatherView.swift; sourceTree = "<group>"; };
		5C0A5B732AE6969600678D00 /* WeatherPreviewData.json */ = {isa = PBXFileReference; lastKnownFileType = text.json; name = WeatherPreviewData.json; path = "WeatherAppSwiftUI/Preview Content/WeatherPreviewData.json"; sourceTree = SOURCE_ROOT; };
		5C0A5B752AE69F8C00678D00 /* ChangeLocationView.swift */ = {isa = PBXFileReference; lastKnownFileType = sourcecode.swift; path = ChangeLocationView.swift; sourceTree = "<group>"; };
		5C0A5B782AE6D7BA00678D00 /* .swiftlint.yml */ = {isa = PBXFileReference; lastKnownFileType = text.yaml; path = .swiftlint.yml; sourceTree = "<group>"; };
		5C8DF06A2AE446AC00585B29 /* WeatherAppSwiftUI.app */ = {isa = PBXFileReference; explicitFileType = wrapper.application; includeInIndex = 0; path = WeatherAppSwiftUI.app; sourceTree = BUILT_PRODUCTS_DIR; };
		5C8DF06D2AE446AC00585B29 /* WeatherAppSwiftUIApp.swift */ = {isa = PBXFileReference; lastKnownFileType = sourcecode.swift; path = WeatherAppSwiftUIApp.swift; sourceTree = "<group>"; };
		5C8DF06F2AE446AC00585B29 /* ContentView.swift */ = {isa = PBXFileReference; lastKnownFileType = sourcecode.swift; path = ContentView.swift; sourceTree = "<group>"; };
		5C8DF0712AE446B300585B29 /* Assets.xcassets */ = {isa = PBXFileReference; lastKnownFileType = folder.assetcatalog; path = Assets.xcassets; sourceTree = "<group>"; };
		5C8DF0742AE446B300585B29 /* Preview Assets.xcassets */ = {isa = PBXFileReference; lastKnownFileType = folder.assetcatalog; path = "Preview Assets.xcassets"; sourceTree = "<group>"; };
		5C8DF07B2AE4471A00585B29 /* LocationManager.swift */ = {isa = PBXFileReference; lastKnownFileType = sourcecode.swift; path = LocationManager.swift; sourceTree = "<group>"; };
		5C8DF07E2AE44C8B00585B29 /* CustomView.swift */ = {isa = PBXFileReference; lastKnownFileType = sourcecode.swift; path = CustomView.swift; sourceTree = "<group>"; };
		5C8DF0802AE5A34600585B29 /* LoadingView.swift */ = {isa = PBXFileReference; lastKnownFileType = sourcecode.swift; path = LoadingView.swift; sourceTree = "<group>"; };
		5C8F9F0C2AE5B3C300BD46CC /* HomeScreenView.swift */ = {isa = PBXFileReference; lastKnownFileType = sourcecode.swift; path = HomeScreenView.swift; sourceTree = "<group>"; };
		5C8F9F0E2AE5B49800BD46CC /* WeatherDataManager.swift */ = {isa = PBXFileReference; lastKnownFileType = sourcecode.swift; path = WeatherDataManager.swift; sourceTree = "<group>"; };
/* End PBXFileReference section */

/* Begin PBXFrameworksBuildPhase section */
		5C8DF0672AE446AC00585B29 /* Frameworks */ = {
			isa = PBXFrameworksBuildPhase;
			buildActionMask = 2147483647;
			files = (
			);
			runOnlyForDeploymentPostprocessing = 0;
		};
/* End PBXFrameworksBuildPhase section */

/* Begin PBXGroup section */
		5C0A5B6A2AE692A800678D00 /* Extensions */ = {
			isa = PBXGroup;
			children = (
				5C0A5B6B2AE692E300678D00 /* Helper.swift */,
			);
			path = Extensions;
			sourceTree = "<group>";
		};
		5C0A5B6F2AE695FB00678D00 /* Components */ = {
			isa = PBXGroup;
			children = (
				5C0A5B702AE6961C00678D00 /* WeatherView.swift */,
			);
			path = Components;
			sourceTree = "<group>";
		};
		5C0A5B722AE6964A00678D00 /* Views */ = {
			isa = PBXGroup;
			children = (
				5C8DF06F2AE446AC00585B29 /* ContentView.swift */,
				5C8DF0802AE5A34600585B29 /* LoadingView.swift */,
				5C8DF07E2AE44C8B00585B29 /* CustomView.swift */,
				5C8F9F0C2AE5B3C300BD46CC /* HomeScreenView.swift */,
				5C0A5B752AE69F8C00678D00 /* ChangeLocationView.swift */,
			);
			path = Views;
			sourceTree = "<group>";
		};
		5C8DF0612AE446AC00585B29 = {
			isa = PBXGroup;
			children = (
				5C0A5B782AE6D7BA00678D00 /* .swiftlint.yml */,
				5C8DF06C2AE446AC00585B29 /* WeatherAppSwiftUI */,
				5C8DF06B2AE446AC00585B29 /* Products */,
			);
			sourceTree = "<group>";
		};
		5C8DF06B2AE446AC00585B29 /* Products */ = {
			isa = PBXGroup;
			children = (
				5C8DF06A2AE446AC00585B29 /* WeatherAppSwiftUI.app */,
			);
			name = Products;
			sourceTree = "<group>";
		};
		5C8DF06C2AE446AC00585B29 /* WeatherAppSwiftUI */ = {
			isa = PBXGroup;
			children = (
				5C0A5B6F2AE695FB00678D00 /* Components */,
				5C0A5B6A2AE692A800678D00 /* Extensions */,
				5C0A5B722AE6964A00678D00 /* Views */,
				5C8DF07D2AE4472400585B29 /* Utilities */,
				5C8DF06D2AE446AC00585B29 /* WeatherAppSwiftUIApp.swift */,
				5C8DF0712AE446B300585B29 /* Assets.xcassets */,
				5C8DF0732AE446B300585B29 /* Preview Content */,
			);
			path = WeatherAppSwiftUI;
			sourceTree = "<group>";
		};
		5C8DF0732AE446B300585B29 /* Preview Content */ = {
			isa = PBXGroup;
			children = (
				5C8DF0742AE446B300585B29 /* Preview Assets.xcassets */,
				5C0A5B6D2AE6949400678D00 /* ModelData.swift */,
				5C0A5B732AE6969600678D00 /* WeatherPreviewData.json */,
			);
			path = "Preview Content";
			sourceTree = "<group>";
		};
		5C8DF07D2AE4472400585B29 /* Utilities */ = {
			isa = PBXGroup;
			children = (
				5C8F9F0E2AE5B49800BD46CC /* WeatherDataManager.swift */,
				5C8DF07B2AE4471A00585B29 /* LocationManager.swift */,
			);
			path = Utilities;
			sourceTree = "<group>";
		};
/* End PBXGroup section */

/* Begin PBXNativeTarget section */
		5C8DF0692AE446AC00585B29 /* WeatherAppSwiftUI */ = {
			isa = PBXNativeTarget;
			buildConfigurationList = 5C8DF0782AE446B300585B29 /* Build configuration list for PBXNativeTarget "WeatherAppSwiftUI" */;
			buildPhases = (
				5C8DF0662AE446AC00585B29 /* Sources */,
				5C8DF0672AE446AC00585B29 /* Frameworks */,
				5C8DF0682AE446AC00585B29 /* Resources */,
				5C0A5B772AE6CC2B00678D00 /* ShellScript */,
			);
			buildRules = (
			);
			dependencies = (
			);
			name = WeatherAppSwiftUI;
			productName = WeatherAppSwiftUI;
			productReference = 5C8DF06A2AE446AC00585B29 /* WeatherAppSwiftUI.app */;
			productType = "com.apple.product-type.application";
		};
/* End PBXNativeTarget section */

/* Begin PBXProject section */
		5C8DF0622AE446AC00585B29 /* Project object */ = {
			isa = PBXProject;
			attributes = {
				BuildIndependentTargetsInParallel = 1;
				LastSwiftUpdateCheck = 1420;
				LastUpgradeCheck = 1420;
				TargetAttributes = {
					5C8DF0692AE446AC00585B29 = {
						CreatedOnToolsVersion = 14.2;
					};
				};
			};
			buildConfigurationList = 5C8DF0652AE446AC00585B29 /* Build configuration list for PBXProject "WeatherAppSwiftUI" */;
			compatibilityVersion = "Xcode 14.0";
			developmentRegion = en;
			hasScannedForEncodings = 0;
			knownRegions = (
				en,
				Base,
			);
			mainGroup = 5C8DF0612AE446AC00585B29;
			productRefGroup = 5C8DF06B2AE446AC00585B29 /* Products */;
			projectDirPath = "";
			projectRoot = "";
			targets = (
				5C8DF0692AE446AC00585B29 /* WeatherAppSwiftUI */,
			);
		};
/* End PBXProject section */

/* Begin PBXResourcesBuildPhase section */
		5C8DF0682AE446AC00585B29 /* Resources */ = {
			isa = PBXResourcesBuildPhase;
			buildActionMask = 2147483647;
			files = (
				5C0A5B792AE6D7BA00678D00 /* .swiftlint.yml in Resources */,
				5C8DF0752AE446B300585B29 /* Preview Assets.xcassets in Resources */,
				5C8DF0722AE446B300585B29 /* Assets.xcassets in Resources */,
				5C0A5B742AE6969600678D00 /* WeatherPreviewData.json in Resources */,
			);
			runOnlyForDeploymentPostprocessing = 0;
		};
/* End PBXResourcesBuildPhase section */

/* Begin PBXShellScriptBuildPhase section */
		5C0A5B772AE6CC2B00678D00 /* ShellScript */ = {
			isa = PBXShellScriptBuildPhase;
			buildActionMask = 12;
			files = (
			);
			inputFileListPaths = (
			);
			inputPaths = (
			);
			outputFileListPaths = (
			);
			outputPaths = (
			);
			runOnlyForDeploymentPostprocessing = 0;
			shellPath = /bin/sh;
			shellScript = "# Type a script or drag a script file from your workspace to insert its path.\nif [[ \"$(uname -m)\" == arm64 ]]; then\n    export PATH=\"/opt/homebrew/bin:$PATH\"\nfi\n\nif which swiftlint > /dev/null; then\n  swiftlint\nelse\n  echo \"warning: SwiftLint not installed, download from https://github.com/realm/SwiftLint\"\nfi\n";
		};
/* End PBXShellScriptBuildPhase section */

/* Begin PBXSourcesBuildPhase section */
		5C8DF0662AE446AC00585B29 /* Sources */ = {
			isa = PBXSourcesBuildPhase;
			buildActionMask = 2147483647;
			files = (
				5C8DF0702AE446AC00585B29 /* ContentView.swift in Sources */,
				5C8F9F0F2AE5B49800BD46CC /* WeatherDataManager.swift in Sources */,
				5C0A5B6E2AE6949400678D00 /* ModelData.swift in Sources */,
				5C8DF07F2AE44C8B00585B29 /* CustomView.swift in Sources */,
				5C8DF06E2AE446AC00585B29 /* WeatherAppSwiftUIApp.swift in Sources */,
				5C0A5B712AE6961C00678D00 /* WeatherView.swift in Sources */,
				5C0A5B762AE69F8C00678D00 /* ChangeLocationView.swift in Sources */,
				5C8F9F0D2AE5B3C400BD46CC /* HomeScreenView.swift in Sources */,
				5C8DF0812AE5A34600585B29 /* LoadingView.swift in Sources */,
				5C8DF07C2AE4471A00585B29 /* LocationManager.swift in Sources */,
				5C0A5B6C2AE692E300678D00 /* Helper.swift in Sources */,
			);
			runOnlyForDeploymentPostprocessing = 0;
		};
/* End PBXSourcesBuildPhase section */

/* Begin XCBuildConfiguration section */
		5C8DF0762AE446B300585B29 /* Debug */ = {
			isa = XCBuildConfiguration;
			buildSettings = {
				ALWAYS_SEARCH_USER_PATHS = NO;
				CLANG_ANALYZER_NONNULL = YES;
				CLANG_ANALYZER_NUMBER_OBJECT_CONVERSION = YES_AGGRESSIVE;
				CLANG_CXX_LANGUAGE_STANDARD = "gnu++20";
				CLANG_ENABLE_MODULES = YES;
				CLANG_ENABLE_OBJC_ARC = YES;
				CLANG_ENABLE_OBJC_WEAK = YES;
				CLANG_WARN_BLOCK_CAPTURE_AUTORELEASING = YES;
				CLANG_WARN_BOOL_CONVERSION = YES;
				CLANG_WARN_COMMA = YES;
				CLANG_WARN_CONSTANT_CONVERSION = YES;
				CLANG_WARN_DEPRECATED_OBJC_IMPLEMENTATIONS = YES;
				CLANG_WARN_DIRECT_OBJC_ISA_USAGE = YES_ERROR;
				CLANG_WARN_DOCUMENTATION_COMMENTS = YES;
				CLANG_WARN_EMPTY_BODY = YES;
				CLANG_WARN_ENUM_CONVERSION = YES;
				CLANG_WARN_INFINITE_RECURSION = YES;
				CLANG_WARN_INT_CONVERSION = YES;
				CLANG_WARN_NON_LITERAL_NULL_CONVERSION = YES;
				CLANG_WARN_OBJC_IMPLICIT_RETAIN_SELF = YES;
				CLANG_WARN_OBJC_LITERAL_CONVERSION = YES;
				CLANG_WARN_OBJC_ROOT_CLASS = YES_ERROR;
				CLANG_WARN_QUOTED_INCLUDE_IN_FRAMEWORK_HEADER = YES;
				CLANG_WARN_RANGE_LOOP_ANALYSIS = YES;
				CLANG_WARN_STRICT_PROTOTYPES = YES;
				CLANG_WARN_SUSPICIOUS_MOVE = YES;
				CLANG_WARN_UNGUARDED_AVAILABILITY = YES_AGGRESSIVE;
				CLANG_WARN_UNREACHABLE_CODE = YES;
				CLANG_WARN__DUPLICATE_METHOD_MATCH = YES;
				COPY_PHASE_STRIP = NO;
				DEBUG_INFORMATION_FORMAT = dwarf;
				ENABLE_STRICT_OBJC_MSGSEND = YES;
				ENABLE_TESTABILITY = YES;
				GCC_C_LANGUAGE_STANDARD = gnu11;
				GCC_DYNAMIC_NO_PIC = NO;
				GCC_NO_COMMON_BLOCKS = YES;
				GCC_OPTIMIZATION_LEVEL = 0;
				GCC_PREPROCESSOR_DEFINITIONS = (
					"DEBUG=1",
					"$(inherited)",
				);
				GCC_WARN_64_TO_32_BIT_CONVERSION = YES;
				GCC_WARN_ABOUT_RETURN_TYPE = YES_ERROR;
				GCC_WARN_UNDECLARED_SELECTOR = YES;
				GCC_WARN_UNINITIALIZED_AUTOS = YES_AGGRESSIVE;
				GCC_WARN_UNUSED_FUNCTION = YES;
				GCC_WARN_UNUSED_VARIABLE = YES;
				IPHONEOS_DEPLOYMENT_TARGET = 16.2;
				MTL_ENABLE_DEBUG_INFO = INCLUDE_SOURCE;
				MTL_FAST_MATH = YES;
				ONLY_ACTIVE_ARCH = YES;
				SDKROOT = iphoneos;
				SWIFT_ACTIVE_COMPILATION_CONDITIONS = DEBUG;
				SWIFT_OPTIMIZATION_LEVEL = "-Onone";
			};
			name = Debug;
		};
		5C8DF0772AE446B300585B29 /* Release */ = {
			isa = XCBuildConfiguration;
			buildSettings = {
				ALWAYS_SEARCH_USER_PATHS = NO;
				CLANG_ANALYZER_NONNULL = YES;
				CLANG_ANALYZER_NUMBER_OBJECT_CONVERSION = YES_AGGRESSIVE;
				CLANG_CXX_LANGUAGE_STANDARD = "gnu++20";
				CLANG_ENABLE_MODULES = YES;
				CLANG_ENABLE_OBJC_ARC = YES;
				CLANG_ENABLE_OBJC_WEAK = YES;
				CLANG_WARN_BLOCK_CAPTURE_AUTORELEASING = YES;
				CLANG_WARN_BOOL_CONVERSION = YES;
				CLANG_WARN_COMMA = YES;
				CLANG_WARN_CONSTANT_CONVERSION = YES;
				CLANG_WARN_DEPRECATED_OBJC_IMPLEMENTATIONS = YES;
				CLANG_WARN_DIRECT_OBJC_ISA_USAGE = YES_ERROR;
				CLANG_WARN_DOCUMENTATION_COMMENTS = YES;
				CLANG_WARN_EMPTY_BODY = YES;
				CLANG_WARN_ENUM_CONVERSION = YES;
				CLANG_WARN_INFINITE_RECURSION = YES;
				CLANG_WARN_INT_CONVERSION = YES;
				CLANG_WARN_NON_LITERAL_NULL_CONVERSION = YES;
				CLANG_WARN_OBJC_IMPLICIT_RETAIN_SELF = YES;
				CLANG_WARN_OBJC_LITERAL_CONVERSION = YES;
				CLANG_WARN_OBJC_ROOT_CLASS = YES_ERROR;
				CLANG_WARN_QUOTED_INCLUDE_IN_FRAMEWORK_HEADER = YES;
				CLANG_WARN_RANGE_LOOP_ANALYSIS = YES;
				CLANG_WARN_STRICT_PROTOTYPES = YES;
				CLANG_WARN_SUSPICIOUS_MOVE = YES;
				CLANG_WARN_UNGUARDED_AVAILABILITY = YES_AGGRESSIVE;
				CLANG_WARN_UNREACHABLE_CODE = YES;
				CLANG_WARN__DUPLICATE_METHOD_MATCH = YES;
				COPY_PHASE_STRIP = NO;
				DEBUG_INFORMATION_FORMAT = "dwarf-with-dsym";
				ENABLE_NS_ASSERTIONS = NO;
				ENABLE_STRICT_OBJC_MSGSEND = YES;
				GCC_C_LANGUAGE_STANDARD = gnu11;
				GCC_NO_COMMON_BLOCKS = YES;
				GCC_WARN_64_TO_32_BIT_CONVERSION = YES;
				GCC_WARN_ABOUT_RETURN_TYPE = YES_ERROR;
				GCC_WARN_UNDECLARED_SELECTOR = YES;
				GCC_WARN_UNINITIALIZED_AUTOS = YES_AGGRESSIVE;
				GCC_WARN_UNUSED_FUNCTION = YES;
				GCC_WARN_UNUSED_VARIABLE = YES;
				IPHONEOS_DEPLOYMENT_TARGET = 16.2;
				MTL_ENABLE_DEBUG_INFO = NO;
				MTL_FAST_MATH = YES;
				SDKROOT = iphoneos;
				SWIFT_COMPILATION_MODE = wholemodule;
				SWIFT_OPTIMIZATION_LEVEL = "-O";
				VALIDATE_PRODUCT = YES;
			};
			name = Release;
		};
		5C8DF0792AE446B300585B29 /* Debug */ = {
			isa = XCBuildConfiguration;
			buildSettings = {
				ASSETCATALOG_COMPILER_APPICON_NAME = AppIcon;
				ASSETCATALOG_COMPILER_GLOBAL_ACCENT_COLOR_NAME = AccentColor;
				CODE_SIGN_STYLE = Automatic;
				CURRENT_PROJECT_VERSION = 1;
				DEVELOPMENT_ASSET_PATHS = "\"WeatherAppSwiftUI/Preview Content\"";
				ENABLE_PREVIEWS = YES;
				GENERATE_INFOPLIST_FILE = YES;
				INFOPLIST_KEY_UIApplicationSceneManifest_Generation = YES;
				INFOPLIST_KEY_UIApplicationSupportsIndirectInputEvents = YES;
				INFOPLIST_KEY_UILaunchScreen_Generation = YES;
				INFOPLIST_KEY_UISupportedInterfaceOrientations_iPad = "UIInterfaceOrientationPortrait UIInterfaceOrientationPortraitUpsideDown UIInterfaceOrientationLandscapeLeft UIInterfaceOrientationLandscapeRight";
				INFOPLIST_KEY_UISupportedInterfaceOrientations_iPhone = "UIInterfaceOrientationPortrait UIInterfaceOrientationLandscapeLeft UIInterfaceOrientationLandscapeRight";
				LD_RUNPATH_SEARCH_PATHS = (
					"$(inherited)",
					"@executable_path/Frameworks",
				);
				MARKETING_VERSION = 1.0;
				PRODUCT_BUNDLE_IDENTIFIER = com.Swati.WeatherAppSwiftUI;
				PRODUCT_NAME = "$(TARGET_NAME)";
				SWIFT_EMIT_LOC_STRINGS = YES;
				SWIFT_VERSION = 5.0;
				TARGETED_DEVICE_FAMILY = "1,2";
			};
			name = Debug;
		};
		5C8DF07A2AE446B300585B29 /* Release */ = {
			isa = XCBuildConfiguration;
			buildSettings = {
				ASSETCATALOG_COMPILER_APPICON_NAME = AppIcon;
				ASSETCATALOG_COMPILER_GLOBAL_ACCENT_COLOR_NAME = AccentColor;
				CODE_SIGN_STYLE = Automatic;
				CURRENT_PROJECT_VERSION = 1;
				DEVELOPMENT_ASSET_PATHS = "\"WeatherAppSwiftUI/Preview Content\"";
				ENABLE_PREVIEWS = YES;
				GENERATE_INFOPLIST_FILE = YES;
				INFOPLIST_KEY_UIApplicationSceneManifest_Generation = YES;
				INFOPLIST_KEY_UIApplicationSupportsIndirectInputEvents = YES;
				INFOPLIST_KEY_UILaunchScreen_Generation = YES;
				INFOPLIST_KEY_UISupportedInterfaceOrientations_iPad = "UIInterfaceOrientationPortrait UIInterfaceOrientationPortraitUpsideDown UIInterfaceOrientationLandscapeLeft UIInterfaceOrientationLandscapeRight";
				INFOPLIST_KEY_UISupportedInterfaceOrientations_iPhone = "UIInterfaceOrientationPortrait UIInterfaceOrientationLandscapeLeft UIInterfaceOrientationLandscapeRight";
				LD_RUNPATH_SEARCH_PATHS = (
					"$(inherited)",
					"@executable_path/Frameworks",
				);
				MARKETING_VERSION = 1.0;
				PRODUCT_BUNDLE_IDENTIFIER = com.Swati.WeatherAppSwiftUI;
				PRODUCT_NAME = "$(TARGET_NAME)";
				SWIFT_EMIT_LOC_STRINGS = YES;
				SWIFT_VERSION = 5.0;
				TARGETED_DEVICE_FAMILY = "1,2";
			};
			name = Release;
		};
/* End XCBuildConfiguration section */

/* Begin XCConfigurationList section */
		5C8DF0652AE446AC00585B29 /* Build configuration list for PBXProject "WeatherAppSwiftUI" */ = {
			isa = XCConfigurationList;
			buildConfigurations = (
				5C8DF0762AE446B300585B29 /* Debug */,
				5C8DF0772AE446B300585B29 /* Release */,
			);
			defaultConfigurationIsVisible = 0;
			defaultConfigurationName = Release;
		};
		5C8DF0782AE446B300585B29 /* Build configuration list for PBXNativeTarget "WeatherAppSwiftUI" */ = {
			isa = XCConfigurationList;
			buildConfigurations = (
				5C8DF0792AE446B300585B29 /* Debug */,
				5C8DF07A2AE446B300585B29 /* Release */,
			);
			defaultConfigurationIsVisible = 0;
			defaultConfigurationName = Release;
		};
/* End XCConfigurationList section */
	};
	rootObject = 5C8DF0622AE446AC00585B29 /* Project object */;
}
